// !$*UTF8*$!
{
	archiveVersion = 1;
	classes = {
	};
	objectVersion = 46;
	objects = {

/* Begin PBXBuildFile section */
		BB0B1C881D8C9BA900C09901 /* LogoScene.swift in Sources */ = {isa = PBXBuildFile; fileRef = BB0B1C871D8C9BA900C09901 /* LogoScene.swift */; };
		BB0CE14D1D9088B200D4E664 /* PingPongBackgroundNode.swift in Sources */ = {isa = PBXBuildFile; fileRef = BB0CE14C1D9088B200D4E664 /* PingPongBackgroundNode.swift */; };
		BB0D073B1DD1800B0025428D /* LCDHudLives.swift in Sources */ = {isa = PBXBuildFile; fileRef = BB0D073A1DD1800B0025428D /* LCDHudLives.swift */; };
		BB0D073D1DD181540025428D /* LCDFoodRow.swift in Sources */ = {isa = PBXBuildFile; fileRef = BB0D073C1DD181540025428D /* LCDFoodRow.swift */; };
		BB0D073F1DD183430025428D /* LCDCatRow.swift in Sources */ = {isa = PBXBuildFile; fileRef = BB0D073E1DD183430025428D /* LCDCatRow.swift */; };
		BB1C70D61D84F615001E540D /* BackgroundNode.swift in Sources */ = {isa = PBXBuildFile; fileRef = BB1C70D51D84F615001E540D /* BackgroundNode.swift */; };
		BB1C70D81D84FAEA001E540D /* ColorAction.swift in Sources */ = {isa = PBXBuildFile; fileRef = BB1C70D71D84FAEA001E540D /* ColorAction.swift */; };
		BB1C70DA1D86EC9F001E540D /* GroundNode.swift in Sources */ = {isa = PBXBuildFile; fileRef = BB1C70D91D86EC9F001E540D /* GroundNode.swift */; };
		BB1C70DC1D870508001E540D /* Paletteable.swift in Sources */ = {isa = PBXBuildFile; fileRef = BB1C70DB1D870508001E540D /* Paletteable.swift */; };
		BB2422D41DCA33FD0039D692 /* TwoPaneButton.swift in Sources */ = {isa = PBXBuildFile; fileRef = BB2422D31DCA33FD0039D692 /* TwoPaneButton.swift */; };
		BB281B7F1D789A3F00229A97 /* cat_meow_1.mp3 in Resources */ = {isa = PBXBuildFile; fileRef = BB281B7B1D789A3F00229A97 /* cat_meow_1.mp3 */; };
		BB281B801D789A3F00229A97 /* cat_meow_2.mp3 in Resources */ = {isa = PBXBuildFile; fileRef = BB281B7C1D789A3F00229A97 /* cat_meow_2.mp3 */; };
		BB281B811D789A3F00229A97 /* cat_meow_3.mp3 in Resources */ = {isa = PBXBuildFile; fileRef = BB281B7D1D789A3F00229A97 /* cat_meow_3.mp3 */; };
		BB281B821D789A3F00229A97 /* cat_meow_4.mp3 in Resources */ = {isa = PBXBuildFile; fileRef = BB281B7E1D789A3F00229A97 /* cat_meow_4.mp3 */; };
		BB281B851D789D0600229A97 /* cat_meow_5.wav in Resources */ = {isa = PBXBuildFile; fileRef = BB281B831D789D0600229A97 /* cat_meow_5.wav */; };
		BB281B861D789D0600229A97 /* cat_meow_6.wav in Resources */ = {isa = PBXBuildFile; fileRef = BB281B841D789D0600229A97 /* cat_meow_6.wav */; };
		BB281B891D78ABAC00229A97 /* cat_meow_7.mp3 in Resources */ = {isa = PBXBuildFile; fileRef = BB281B871D78ABAC00229A97 /* cat_meow_7.mp3 */; };
		BB36AD291D75D92400FB54D0 /* UmbrellaSprite.swift in Sources */ = {isa = PBXBuildFile; fileRef = BB36AD281D75D92400FB54D0 /* UmbrellaSprite.swift */; };
		BB3B1D691D847E4E00B643DD /* ColorPalette.plist in Resources */ = {isa = PBXBuildFile; fileRef = BB3B1D681D847E4E00B643DD /* ColorPalette.plist */; };
		BB3B1D6B1D84BF2300B643DD /* ColorManager.swift in Sources */ = {isa = PBXBuildFile; fileRef = BB3B1D6A1D84BF2300B643DD /* ColorManager.swift */; };
		BB4E53F91D9172520031DAB9 /* CreditsNode.swift in Sources */ = {isa = PBXBuildFile; fileRef = BB4E53F81D9172520031DAB9 /* CreditsNode.swift */; };
		BB4E53FB1D91752B0031DAB9 /* MenuNode.swift in Sources */ = {isa = PBXBuildFile; fileRef = BB4E53FA1D91752B0031DAB9 /* MenuNode.swift */; };
		BB4E53FD1D9176B50031DAB9 /* Touchable.swift in Sources */ = {isa = PBXBuildFile; fileRef = BB4E53FC1D9176B50031DAB9 /* Touchable.swift */; };
		BB4E53FF1D91839F0031DAB9 /* RainDropBanner.swift in Sources */ = {isa = PBXBuildFile; fileRef = BB4E53FE1D91839F0031DAB9 /* RainDropBanner.swift */; };
		BB4E54031D919D110031DAB9 /* PlayerSelectNode.swift in Sources */ = {isa = PBXBuildFile; fileRef = BB4E54021D919D110031DAB9 /* PlayerSelectNode.swift */; };
		BB6B0C2D1D7F41FF00BBA0BD /* MenuScene.swift in Sources */ = {isa = PBXBuildFile; fileRef = BB6B0C2C1D7F41FF00BBA0BD /* MenuScene.swift */; };
		BB7AC0741DC979CB00998737 /* LCDScreenNode.swift in Sources */ = {isa = PBXBuildFile; fileRef = BB7AC0731DC979CB00998737 /* LCDScreenNode.swift */; };
		BB7AC0761DC97A1200998737 /* LCDRainLane.swift in Sources */ = {isa = PBXBuildFile; fileRef = BB7AC0751DC97A1200998737 /* LCDRainLane.swift */; };
		BB81CBA61D90F15B009EAA22 /* ShadowLabelNode.swift in Sources */ = {isa = PBXBuildFile; fileRef = BB81CBA51D90F15B009EAA22 /* ShadowLabelNode.swift */; };
		BB98D4811DC3A49C00D17C8D /* LCDScene.sks in Resources */ = {isa = PBXBuildFile; fileRef = BB98D4801DC3A49C00D17C8D /* LCDScene.sks */; };
		BBA2E4A61D74A62C00853E63 /* AppDelegate.swift in Sources */ = {isa = PBXBuildFile; fileRef = BBA2E4A51D74A62C00853E63 /* AppDelegate.swift */; };
		BBA2E4AC1D74A62C00853E63 /* GameScene.swift in Sources */ = {isa = PBXBuildFile; fileRef = BBA2E4AB1D74A62C00853E63 /* GameScene.swift */; };
		BBA2E4AE1D74A62C00853E63 /* GameViewController.swift in Sources */ = {isa = PBXBuildFile; fileRef = BBA2E4AD1D74A62C00853E63 /* GameViewController.swift */; };
		BBA2E4B11D74A62C00853E63 /* Main.storyboard in Resources */ = {isa = PBXBuildFile; fileRef = BBA2E4AF1D74A62C00853E63 /* Main.storyboard */; };
		BBA2E4B61D74A62C00853E63 /* LaunchScreen.storyboard in Resources */ = {isa = PBXBuildFile; fileRef = BBA2E4B41D74A62C00853E63 /* LaunchScreen.storyboard */; };
		BBB0457F1D77254000DF378C /* CatSprite.swift in Sources */ = {isa = PBXBuildFile; fileRef = BBB0457E1D77254000DF378C /* CatSprite.swift */; };
		BBB045811D773DE600DF378C /* FoodSprite.swift in Sources */ = {isa = PBXBuildFile; fileRef = BBB045801D773DE600DF378C /* FoodSprite.swift */; };
		BBB318391DC78F6700644DB6 /* LCDScene.swift in Sources */ = {isa = PBXBuildFile; fileRef = BBB318381DC78F6700644DB6 /* LCDScene.swift */; };
		BBB3F9E01E8C986A00A0F4FB /* LCDProtocols.swift in Sources */ = {isa = PBXBuildFile; fileRef = BBB3F9DF1E8C986A00A0F4FB /* LCDProtocols.swift */; };
		BBB5E64D1D760905005DE3EC /* Constants.swift in Sources */ = {isa = PBXBuildFile; fileRef = BBB5E64C1D760905005DE3EC /* Constants.swift */; };
		BBB6AE471E8CB32400C0CDD9 /* LCDCatNode.swift in Sources */ = {isa = PBXBuildFile; fileRef = BBB6AE461E8CB32400C0CDD9 /* LCDCatNode.swift */; };
		BBB8459E1D9DBA3800D269C0 /* AlphaButton.swift in Sources */ = {isa = PBXBuildFile; fileRef = BBB8459D1D9DBA3800D269C0 /* AlphaButton.swift */; };
		BBC9F6E81D8D941A00385223 /* PingPongScene.swift in Sources */ = {isa = PBXBuildFile; fileRef = BBC9F6E71D8D941A00385223 /* PingPongScene.swift */; };
		BBCE0A4A1D8D08EA006C1F44 /* Assets.xcassets in Resources */ = {isa = PBXBuildFile; fileRef = BBCE0A491D8D08EA006C1F44 /* Assets.xcassets */; };
		BBD0A8DA1D78D97E00002F71 /* SoundManager.swift in Sources */ = {isa = PBXBuildFile; fileRef = BBD0A8D91D78D97E00002F71 /* SoundManager.swift */; };
		BBD0A8E01D78F12C00002F71 /* bensound-clearday.mp3 in Resources */ = {isa = PBXBuildFile; fileRef = BBD0A8DC1D78F12C00002F71 /* bensound-clearday.mp3 */; };
		BBD0A8E11D78F12C00002F71 /* bensound-jazzcomedy.mp3 in Resources */ = {isa = PBXBuildFile; fileRef = BBD0A8DD1D78F12C00002F71 /* bensound-jazzcomedy.mp3 */; };
		BBD0A8E21D78F12C00002F71 /* bensound-jazzyfrenchy.mp3 in Resources */ = {isa = PBXBuildFile; fileRef = BBD0A8DE1D78F12C00002F71 /* bensound-jazzyfrenchy.mp3 */; };
		BBD0A8E31D78F12C00002F71 /* bensound-littleidea.mp3 in Resources */ = {isa = PBXBuildFile; fileRef = BBD0A8DF1D78F12C00002F71 /* bensound-littleidea.mp3 */; };
		BBD0A8E61D79D4F500002F71 /* Pixel Digivolve.otf in Resources */ = {isa = PBXBuildFile; fileRef = BBD0A8E51D79D4F500002F71 /* Pixel Digivolve.otf */; };
		BBD0A8E81D79D6B400002F71 /* HudNode.swift in Sources */ = {isa = PBXBuildFile; fileRef = BBD0A8E71D79D6B400002F71 /* HudNode.swift */; };
		BBDB03D41D90602000D3F8D0 /* PingPongHud.swift in Sources */ = {isa = PBXBuildFile; fileRef = BBDB03D31D90602000D3F8D0 /* PingPongHud.swift */; };
		BBE8FF511E8C592000904331 /* LCDNumberNode.swift in Sources */ = {isa = PBXBuildFile; fileRef = BBE8FF501E8C592000904331 /* LCDNumberNode.swift */; };
		BBE8FF531E8C60DA00904331 /* LCDTimeNode.swift in Sources */ = {isa = PBXBuildFile; fileRef = BBE8FF521E8C60DA00904331 /* LCDTimeNode.swift */; };
		BBE8FF551E8C826600904331 /* LCDScoreNode.swift in Sources */ = {isa = PBXBuildFile; fileRef = BBE8FF541E8C826600904331 /* LCDScoreNode.swift */; };
		BBFE08621DC98ED300063F83 /* LCDHudNode.swift in Sources */ = {isa = PBXBuildFile; fileRef = BBFE08611DC98ED300063F83 /* LCDHudNode.swift */; };
		BBFE08641DC990D900063F83 /* LCDUmbrellaRow.swift in Sources */ = {isa = PBXBuildFile; fileRef = BBFE08631DC990D900063F83 /* LCDUmbrellaRow.swift */; };
/* End PBXBuildFile section */

/* Begin PBXFileReference section */
		BB0B1C871D8C9BA900C09901 /* LogoScene.swift */ = {isa = PBXFileReference; fileEncoding = 4; lastKnownFileType = sourcecode.swift; name = LogoScene.swift; path = Scenes/LogoScene.swift; sourceTree = "<group>"; };
		BB0CE14C1D9088B200D4E664 /* PingPongBackgroundNode.swift */ = {isa = PBXFileReference; fileEncoding = 4; lastKnownFileType = sourcecode.swift; name = PingPongBackgroundNode.swift; path = Sprites/PingPongBackgroundNode.swift; sourceTree = "<group>"; };
		BB0D073A1DD1800B0025428D /* LCDHudLives.swift */ = {isa = PBXFileReference; fileEncoding = 4; lastKnownFileType = sourcecode.swift; name = LCDHudLives.swift; path = Sprites/LCDGame/LCDHudLives.swift; sourceTree = "<group>"; };
		BB0D073C1DD181540025428D /* LCDFoodRow.swift */ = {isa = PBXFileReference; fileEncoding = 4; lastKnownFileType = sourcecode.swift; name = LCDFoodRow.swift; path = Sprites/LCDGame/LCDFoodRow.swift; sourceTree = "<group>"; };
		BB0D073E1DD183430025428D /* LCDCatRow.swift */ = {isa = PBXFileReference; fileEncoding = 4; lastKnownFileType = sourcecode.swift; name = LCDCatRow.swift; path = Sprites/LCDGame/LCDCatRow.swift; sourceTree = "<group>"; };
		BB1C70D51D84F615001E540D /* BackgroundNode.swift */ = {isa = PBXFileReference; fileEncoding = 4; lastKnownFileType = sourcecode.swift; name = BackgroundNode.swift; path = Sprites/BackgroundNode.swift; sourceTree = "<group>"; };
		BB1C70D71D84FAEA001E540D /* ColorAction.swift */ = {isa = PBXFileReference; fileEncoding = 4; lastKnownFileType = sourcecode.swift; path = ColorAction.swift; sourceTree = "<group>"; };
		BB1C70D91D86EC9F001E540D /* GroundNode.swift */ = {isa = PBXFileReference; fileEncoding = 4; lastKnownFileType = sourcecode.swift; name = GroundNode.swift; path = Sprites/GroundNode.swift; sourceTree = "<group>"; };
		BB1C70DB1D870508001E540D /* Paletteable.swift */ = {isa = PBXFileReference; fileEncoding = 4; lastKnownFileType = sourcecode.swift; name = Paletteable.swift; path = Sprites/Paletteable.swift; sourceTree = "<group>"; };
		BB2422D31DCA33FD0039D692 /* TwoPaneButton.swift */ = {isa = PBXFileReference; fileEncoding = 4; lastKnownFileType = sourcecode.swift; name = TwoPaneButton.swift; path = Sprites/Buttons/TwoPaneButton.swift; sourceTree = "<group>"; };
		BB281B7B1D789A3F00229A97 /* cat_meow_1.mp3 */ = {isa = PBXFileReference; lastKnownFileType = audio.mp3; name = cat_meow_1.mp3; path = SFX/cat_meow_1.mp3; sourceTree = "<group>"; };
		BB281B7C1D789A3F00229A97 /* cat_meow_2.mp3 */ = {isa = PBXFileReference; lastKnownFileType = audio.mp3; name = cat_meow_2.mp3; path = SFX/cat_meow_2.mp3; sourceTree = "<group>"; };
		BB281B7D1D789A3F00229A97 /* cat_meow_3.mp3 */ = {isa = PBXFileReference; lastKnownFileType = audio.mp3; name = cat_meow_3.mp3; path = SFX/cat_meow_3.mp3; sourceTree = "<group>"; };
		BB281B7E1D789A3F00229A97 /* cat_meow_4.mp3 */ = {isa = PBXFileReference; lastKnownFileType = audio.mp3; name = cat_meow_4.mp3; path = SFX/cat_meow_4.mp3; sourceTree = "<group>"; };
		BB281B831D789D0600229A97 /* cat_meow_5.wav */ = {isa = PBXFileReference; lastKnownFileType = audio.wav; name = cat_meow_5.wav; path = SFX/cat_meow_5.wav; sourceTree = "<group>"; };
		BB281B841D789D0600229A97 /* cat_meow_6.wav */ = {isa = PBXFileReference; lastKnownFileType = audio.wav; name = cat_meow_6.wav; path = SFX/cat_meow_6.wav; sourceTree = "<group>"; };
		BB281B871D78ABAC00229A97 /* cat_meow_7.mp3 */ = {isa = PBXFileReference; lastKnownFileType = audio.mp3; name = cat_meow_7.mp3; path = SFX/cat_meow_7.mp3; sourceTree = "<group>"; };
		BB36AD281D75D92400FB54D0 /* UmbrellaSprite.swift */ = {isa = PBXFileReference; fileEncoding = 4; lastKnownFileType = sourcecode.swift; name = UmbrellaSprite.swift; path = Sprites/UmbrellaSprite.swift; sourceTree = "<group>"; };
		BB3B1D681D847E4E00B643DD /* ColorPalette.plist */ = {isa = PBXFileReference; fileEncoding = 4; lastKnownFileType = text.plist.xml; path = ColorPalette.plist; sourceTree = "<group>"; };
		BB3B1D6A1D84BF2300B643DD /* ColorManager.swift */ = {isa = PBXFileReference; fileEncoding = 4; lastKnownFileType = sourcecode.swift; path = ColorManager.swift; sourceTree = "<group>"; };
		BB4E53F81D9172520031DAB9 /* CreditsNode.swift */ = {isa = PBXFileReference; fileEncoding = 4; lastKnownFileType = sourcecode.swift; name = CreditsNode.swift; path = Sprites/CreditsNode.swift; sourceTree = "<group>"; };
		BB4E53FA1D91752B0031DAB9 /* MenuNode.swift */ = {isa = PBXFileReference; fileEncoding = 4; lastKnownFileType = sourcecode.swift; name = MenuNode.swift; path = Sprites/MenuNode.swift; sourceTree = "<group>"; };
		BB4E53FC1D9176B50031DAB9 /* Touchable.swift */ = {isa = PBXFileReference; fileEncoding = 4; lastKnownFileType = sourcecode.swift; name = Touchable.swift; path = Sprites/Touchable.swift; sourceTree = "<group>"; };
		BB4E53FE1D91839F0031DAB9 /* RainDropBanner.swift */ = {isa = PBXFileReference; fileEncoding = 4; lastKnownFileType = sourcecode.swift; name = RainDropBanner.swift; path = Sprites/RainDropBanner.swift; sourceTree = "<group>"; };
		BB4E54021D919D110031DAB9 /* PlayerSelectNode.swift */ = {isa = PBXFileReference; fileEncoding = 4; lastKnownFileType = sourcecode.swift; name = PlayerSelectNode.swift; path = Scenes/PlayerSelectNode.swift; sourceTree = "<group>"; };
		BB6B0C2C1D7F41FF00BBA0BD /* MenuScene.swift */ = {isa = PBXFileReference; fileEncoding = 4; lastKnownFileType = sourcecode.swift; name = MenuScene.swift; path = Scenes/MenuScene.swift; sourceTree = "<group>"; };
		BB7AC0731DC979CB00998737 /* LCDScreenNode.swift */ = {isa = PBXFileReference; fileEncoding = 4; lastKnownFileType = sourcecode.swift; name = LCDScreenNode.swift; path = Sprites/LCDGame/LCDScreenNode.swift; sourceTree = "<group>"; };
		BB7AC0751DC97A1200998737 /* LCDRainLane.swift */ = {isa = PBXFileReference; fileEncoding = 4; lastKnownFileType = sourcecode.swift; name = LCDRainLane.swift; path = Sprites/LCDGame/LCDRainLane.swift; sourceTree = "<group>"; };
		BB81CBA51D90F15B009EAA22 /* ShadowLabelNode.swift */ = {isa = PBXFileReference; fileEncoding = 4; lastKnownFileType = sourcecode.swift; name = ShadowLabelNode.swift; path = Sprites/ShadowLabelNode.swift; sourceTree = "<group>"; };
		BB98D4801DC3A49C00D17C8D /* LCDScene.sks */ = {isa = PBXFileReference; lastKnownFileType = file.sks; name = LCDScene.sks; path = Scenes/LCDScene.sks; sourceTree = "<group>"; };
		BBA2E4A21D74A62C00853E63 /* RainCat.app */ = {isa = PBXFileReference; explicitFileType = wrapper.application; includeInIndex = 0; path = RainCat.app; sourceTree = BUILT_PRODUCTS_DIR; };
		BBA2E4A51D74A62C00853E63 /* AppDelegate.swift */ = {isa = PBXFileReference; lastKnownFileType = sourcecode.swift; path = AppDelegate.swift; sourceTree = "<group>"; };
		BBA2E4AB1D74A62C00853E63 /* GameScene.swift */ = {isa = PBXFileReference; lastKnownFileType = sourcecode.swift; name = GameScene.swift; path = Scenes/GameScene.swift; sourceTree = "<group>"; };
		BBA2E4AD1D74A62C00853E63 /* GameViewController.swift */ = {isa = PBXFileReference; lastKnownFileType = sourcecode.swift; name = GameViewController.swift; path = ViewControllers/GameViewController.swift; sourceTree = "<group>"; };
		BBA2E4B01D74A62C00853E63 /* Base */ = {isa = PBXFileReference; lastKnownFileType = file.storyboard; name = Base; path = Base.lproj/Main.storyboard; sourceTree = "<group>"; };
		BBA2E4B51D74A62C00853E63 /* Base */ = {isa = PBXFileReference; lastKnownFileType = file.storyboard; name = Base; path = Base.lproj/LaunchScreen.storyboard; sourceTree = "<group>"; };
		BBA2E4B71D74A62C00853E63 /* Info.plist */ = {isa = PBXFileReference; lastKnownFileType = text.plist.xml; path = Info.plist; sourceTree = "<group>"; };
		BBB0457E1D77254000DF378C /* CatSprite.swift */ = {isa = PBXFileReference; fileEncoding = 4; lastKnownFileType = sourcecode.swift; name = CatSprite.swift; path = Sprites/CatSprite.swift; sourceTree = "<group>"; };
		BBB045801D773DE600DF378C /* FoodSprite.swift */ = {isa = PBXFileReference; fileEncoding = 4; lastKnownFileType = sourcecode.swift; name = FoodSprite.swift; path = Sprites/FoodSprite.swift; sourceTree = "<group>"; };
		BBB318381DC78F6700644DB6 /* LCDScene.swift */ = {isa = PBXFileReference; fileEncoding = 4; lastKnownFileType = sourcecode.swift; name = LCDScene.swift; path = Scenes/LCDScene.swift; sourceTree = "<group>"; };
		BBB3F9DF1E8C986A00A0F4FB /* LCDProtocols.swift */ = {isa = PBXFileReference; fileEncoding = 4; lastKnownFileType = sourcecode.swift; name = LCDProtocols.swift; path = Sprites/LCDGame/LCDProtocols.swift; sourceTree = "<group>"; };
		BBB5E64C1D760905005DE3EC /* Constants.swift */ = {isa = PBXFileReference; fileEncoding = 4; lastKnownFileType = sourcecode.swift; path = Constants.swift; sourceTree = "<group>"; };
		BBB6AE461E8CB32400C0CDD9 /* LCDCatNode.swift */ = {isa = PBXFileReference; fileEncoding = 4; lastKnownFileType = sourcecode.swift; name = LCDCatNode.swift; path = Sprites/LCDGame/LCDCatNode.swift; sourceTree = "<group>"; };
		BBB8459D1D9DBA3800D269C0 /* AlphaButton.swift */ = {isa = PBXFileReference; fileEncoding = 4; lastKnownFileType = sourcecode.swift; name = AlphaButton.swift; path = Sprites/Buttons/AlphaButton.swift; sourceTree = "<group>"; };
		BBC9F6E71D8D941A00385223 /* PingPongScene.swift */ = {isa = PBXFileReference; fileEncoding = 4; lastKnownFileType = sourcecode.swift; name = PingPongScene.swift; path = Scenes/PingPongScene.swift; sourceTree = "<group>"; };
		BBCE0A491D8D08EA006C1F44 /* Assets.xcassets */ = {isa = PBXFileReference; lastKnownFileType = folder.assetcatalog; path = Assets.xcassets; sourceTree = "<group>"; };
		BBD0A8D91D78D97E00002F71 /* SoundManager.swift */ = {isa = PBXFileReference; fileEncoding = 4; lastKnownFileType = sourcecode.swift; path = SoundManager.swift; sourceTree = "<group>"; };
		BBD0A8DC1D78F12C00002F71 /* bensound-clearday.mp3 */ = {isa = PBXFileReference; lastKnownFileType = audio.mp3; name = "bensound-clearday.mp3"; path = "Music/bensound-clearday.mp3"; sourceTree = "<group>"; };
		BBD0A8DD1D78F12C00002F71 /* bensound-jazzcomedy.mp3 */ = {isa = PBXFileReference; lastKnownFileType = audio.mp3; name = "bensound-jazzcomedy.mp3"; path = "Music/bensound-jazzcomedy.mp3"; sourceTree = "<group>"; };
		BBD0A8DE1D78F12C00002F71 /* bensound-jazzyfrenchy.mp3 */ = {isa = PBXFileReference; lastKnownFileType = audio.mp3; name = "bensound-jazzyfrenchy.mp3"; path = "Music/bensound-jazzyfrenchy.mp3"; sourceTree = "<group>"; };
		BBD0A8DF1D78F12C00002F71 /* bensound-littleidea.mp3 */ = {isa = PBXFileReference; lastKnownFileType = audio.mp3; name = "bensound-littleidea.mp3"; path = "Music/bensound-littleidea.mp3"; sourceTree = "<group>"; };
		BBD0A8E51D79D4F500002F71 /* Pixel Digivolve.otf */ = {isa = PBXFileReference; lastKnownFileType = file; name = "Pixel Digivolve.otf"; path = "Fonts/Pixel Digivolve.otf"; sourceTree = "<group>"; };
		BBD0A8E71D79D6B400002F71 /* HudNode.swift */ = {isa = PBXFileReference; fileEncoding = 4; lastKnownFileType = sourcecode.swift; name = HudNode.swift; path = Sprites/HudNode.swift; sourceTree = "<group>"; };
		BBDB03D31D90602000D3F8D0 /* PingPongHud.swift */ = {isa = PBXFileReference; fileEncoding = 4; lastKnownFileType = sourcecode.swift; name = PingPongHud.swift; path = Sprites/PingPongHud.swift; sourceTree = "<group>"; };
		BBE8FF501E8C592000904331 /* LCDNumberNode.swift */ = {isa = PBXFileReference; fileEncoding = 4; lastKnownFileType = sourcecode.swift; name = LCDNumberNode.swift; path = Sprites/LCDGame/LCDNumberNode.swift; sourceTree = "<group>"; };
		BBE8FF521E8C60DA00904331 /* LCDTimeNode.swift */ = {isa = PBXFileReference; fileEncoding = 4; lastKnownFileType = sourcecode.swift; name = LCDTimeNode.swift; path = Sprites/LCDGame/LCDTimeNode.swift; sourceTree = "<group>"; };
		BBE8FF541E8C826600904331 /* LCDScoreNode.swift */ = {isa = PBXFileReference; fileEncoding = 4; lastKnownFileType = sourcecode.swift; name = LCDScoreNode.swift; path = Sprites/LCDGame/LCDScoreNode.swift; sourceTree = "<group>"; };
		BBFE08611DC98ED300063F83 /* LCDHudNode.swift */ = {isa = PBXFileReference; fileEncoding = 4; lastKnownFileType = sourcecode.swift; name = LCDHudNode.swift; path = Sprites/LCDGame/LCDHudNode.swift; sourceTree = "<group>"; };
		BBFE08631DC990D900063F83 /* LCDUmbrellaRow.swift */ = {isa = PBXFileReference; fileEncoding = 4; lastKnownFileType = sourcecode.swift; name = LCDUmbrellaRow.swift; path = Sprites/LCDGame/LCDUmbrellaRow.swift; sourceTree = "<group>"; };
/* End PBXFileReference section */

/* Begin PBXFrameworksBuildPhase section */
		BBA2E49F1D74A62C00853E63 /* Frameworks */ = {
			isa = PBXFrameworksBuildPhase;
			buildActionMask = 2147483647;
			files = (
			);
			runOnlyForDeploymentPostprocessing = 0;
		};
/* End PBXFrameworksBuildPhase section */

/* Begin PBXGroup section */
		BB281B7A1D7899AB00229A97 /* SFX */ = {
			isa = PBXGroup;
			children = (
				BB281B7B1D789A3F00229A97 /* cat_meow_1.mp3 */,
				BB281B7C1D789A3F00229A97 /* cat_meow_2.mp3 */,
				BB281B7D1D789A3F00229A97 /* cat_meow_3.mp3 */,
				BB281B7E1D789A3F00229A97 /* cat_meow_4.mp3 */,
				BB281B831D789D0600229A97 /* cat_meow_5.wav */,
				BB281B841D789D0600229A97 /* cat_meow_6.wav */,
				BB281B871D78ABAC00229A97 /* cat_meow_7.mp3 */,
			);
			name = SFX;
			sourceTree = "<group>";
		};
		BB36AD241D75D6DE00FB54D0 /* Scenes */ = {
			isa = PBXGroup;
			children = (
				BBA2E4AB1D74A62C00853E63 /* GameScene.swift */,
				BB6B0C2C1D7F41FF00BBA0BD /* MenuScene.swift */,
				BB0B1C871D8C9BA900C09901 /* LogoScene.swift */,
				BBC9F6E71D8D941A00385223 /* PingPongScene.swift */,
				BBB318381DC78F6700644DB6 /* LCDScene.swift */,
				BB98D4801DC3A49C00D17C8D /* LCDScene.sks */,
			);
			name = Scenes;
			sourceTree = "<group>";
		};
		BB36AD251D75D6E200FB54D0 /* ViewControllers */ = {
			isa = PBXGroup;
			children = (
				BBA2E4AD1D74A62C00853E63 /* GameViewController.swift */,
			);
			name = ViewControllers;
			sourceTree = "<group>";
		};
		BB36AD261D75D70000FB54D0 /* Support */ = {
			isa = PBXGroup;
			children = (
				BBCE0A491D8D08EA006C1F44 /* Assets.xcassets */,
				BBD0A8E41D79D4EB00002F71 /* Fonts */,
				BBD0A8DB1D78F0F100002F71 /* Music */,
				BB281B7A1D7899AB00229A97 /* SFX */,
				BBA2E4AF1D74A62C00853E63 /* Main.storyboard */,
				BBA2E4B41D74A62C00853E63 /* LaunchScreen.storyboard */,
				BBA2E4B71D74A62C00853E63 /* Info.plist */,
				BBB5E64C1D760905005DE3EC /* Constants.swift */,
				BB3B1D681D847E4E00B643DD /* ColorPalette.plist */,
			);
			name = Support;
			sourceTree = "<group>";
		};
		BB36AD271D75D86B00FB54D0 /* Sprites */ = {
			isa = PBXGroup;
			children = (
				BBB8459C1D9DBA1D00D269C0 /* Buttons */,
				BB4E54011D918EF50031DAB9 /* MenuNodeGroups */,
				BB1C70D51D84F615001E540D /* BackgroundNode.swift */,
				BBB0457E1D77254000DF378C /* CatSprite.swift */,
				BB1C70D71D84FAEA001E540D /* ColorAction.swift */,
				BBB045801D773DE600DF378C /* FoodSprite.swift */,
				BB1C70D91D86EC9F001E540D /* GroundNode.swift */,
				BBD0A8E71D79D6B400002F71 /* HudNode.swift */,
				BB0CE14C1D9088B200D4E664 /* PingPongBackgroundNode.swift */,
				BBDB03D31D90602000D3F8D0 /* PingPongHud.swift */,
				BB4E53FE1D91839F0031DAB9 /* RainDropBanner.swift */,
				BB81CBA51D90F15B009EAA22 /* ShadowLabelNode.swift */,
				BB36AD281D75D92400FB54D0 /* UmbrellaSprite.swift */,
				BBFE08601DC98EB400063F83 /* LCDGame */,
			);
			name = Sprites;
			sourceTree = "<group>";
		};
		BB4E54001D918EDD0031DAB9 /* Protocols */ = {
			isa = PBXGroup;
			children = (
				BB1C70DB1D870508001E540D /* Paletteable.swift */,
				BB4E53FC1D9176B50031DAB9 /* Touchable.swift */,
			);
			name = Protocols;
			sourceTree = "<group>";
		};
		BB4E54011D918EF50031DAB9 /* MenuNodeGroups */ = {
			isa = PBXGroup;
			children = (
				BB4E53F81D9172520031DAB9 /* CreditsNode.swift */,
				BB4E53FA1D91752B0031DAB9 /* MenuNode.swift */,
				BB4E54021D919D110031DAB9 /* PlayerSelectNode.swift */,
			);
			name = MenuNodeGroups;
			sourceTree = "<group>";
		};
		BBA2E4991D74A62C00853E63 = {
			isa = PBXGroup;
			children = (
				BBA2E4A41D74A62C00853E63 /* RainCat */,
				BBA2E4A31D74A62C00853E63 /* Products */,
			);
			sourceTree = "<group>";
		};
		BBA2E4A31D74A62C00853E63 /* Products */ = {
			isa = PBXGroup;
			children = (
				BBA2E4A21D74A62C00853E63 /* RainCat.app */,
			);
			name = Products;
			sourceTree = "<group>";
		};
		BBA2E4A41D74A62C00853E63 /* RainCat */ = {
			isa = PBXGroup;
			children = (
				BB4E54001D918EDD0031DAB9 /* Protocols */,
				BBA2E4A51D74A62C00853E63 /* AppDelegate.swift */,
				BB36AD271D75D86B00FB54D0 /* Sprites */,
				BB36AD241D75D6DE00FB54D0 /* Scenes */,
				BB36AD251D75D6E200FB54D0 /* ViewControllers */,
				BB36AD261D75D70000FB54D0 /* Support */,
				BB3B1D6A1D84BF2300B643DD /* ColorManager.swift */,
				BBD0A8D91D78D97E00002F71 /* SoundManager.swift */,
			);
			path = RainCat;
			sourceTree = "<group>";
		};
		BBB8459C1D9DBA1D00D269C0 /* Buttons */ = {
			isa = PBXGroup;
			children = (
				BBB8459D1D9DBA3800D269C0 /* AlphaButton.swift */,
				BB2422D31DCA33FD0039D692 /* TwoPaneButton.swift */,
			);
			name = Buttons;
			sourceTree = "<group>";
		};
		BBD0A8DB1D78F0F100002F71 /* Music */ = {
			isa = PBXGroup;
			children = (
				BBD0A8DC1D78F12C00002F71 /* bensound-clearday.mp3 */,
				BBD0A8DD1D78F12C00002F71 /* bensound-jazzcomedy.mp3 */,
				BBD0A8DE1D78F12C00002F71 /* bensound-jazzyfrenchy.mp3 */,
				BBD0A8DF1D78F12C00002F71 /* bensound-littleidea.mp3 */,
			);
			name = Music;
			sourceTree = "<group>";
		};
		BBD0A8E41D79D4EB00002F71 /* Fonts */ = {
			isa = PBXGroup;
			children = (
				BBD0A8E51D79D4F500002F71 /* Pixel Digivolve.otf */,
			);
			name = Fonts;
			sourceTree = "<group>";
		};
		BBFE08601DC98EB400063F83 /* LCDGame */ = {
			isa = PBXGroup;
			children = (
				BB7AC0751DC97A1200998737 /* LCDRainLane.swift */,
				BB7AC0731DC979CB00998737 /* LCDScreenNode.swift */,
				BBFE08611DC98ED300063F83 /* LCDHudNode.swift */,
				BBE8FF521E8C60DA00904331 /* LCDTimeNode.swift */,
				BBE8FF541E8C826600904331 /* LCDScoreNode.swift */,
				BB0D073A1DD1800B0025428D /* LCDHudLives.swift */,
				BBFE08631DC990D900063F83 /* LCDUmbrellaRow.swift */,
				BB0D073C1DD181540025428D /* LCDFoodRow.swift */,
				BB0D073E1DD183430025428D /* LCDCatRow.swift */,
				BBE8FF501E8C592000904331 /* LCDNumberNode.swift */,
				BBB3F9DF1E8C986A00A0F4FB /* LCDProtocols.swift */,
				BBB6AE461E8CB32400C0CDD9 /* LCDCatNode.swift */,
			);
			name = LCDGame;
			sourceTree = "<group>";
		};
/* End PBXGroup section */

/* Begin PBXNativeTarget section */
		BBA2E4A11D74A62C00853E63 /* RainCat */ = {
			isa = PBXNativeTarget;
			buildConfigurationList = BBA2E4BA1D74A62C00853E63 /* Build configuration list for PBXNativeTarget "RainCat" */;
			buildPhases = (
				BBA2E49E1D74A62C00853E63 /* Sources */,
				BBA2E49F1D74A62C00853E63 /* Frameworks */,
				BBA2E4A01D74A62C00853E63 /* Resources */,
			);
			buildRules = (
			);
			dependencies = (
			);
			name = RainCat;
			productName = RainCat;
			productReference = BBA2E4A21D74A62C00853E63 /* RainCat.app */;
			productType = "com.apple.product-type.application";
		};
/* End PBXNativeTarget section */

/* Begin PBXProject section */
		BBA2E49A1D74A62C00853E63 /* Project object */ = {
			isa = PBXProject;
			attributes = {
				LastSwiftUpdateCheck = 0800;
				LastUpgradeCheck = 0830;
				ORGANIZATIONNAME = Thirteen23;
				TargetAttributes = {
					BBA2E4A11D74A62C00853E63 = {
						CreatedOnToolsVersion = 8.0;
						DevelopmentTeam = SYZ2B4B9CC;
						ProvisioningStyle = Automatic;
					};
				};
			};
			buildConfigurationList = BBA2E49D1D74A62C00853E63 /* Build configuration list for PBXProject "RainCat" */;
			compatibilityVersion = "Xcode 3.2";
			developmentRegion = English;
			hasScannedForEncodings = 0;
			knownRegions = (
				en,
				Base,
			);
			mainGroup = BBA2E4991D74A62C00853E63;
			productRefGroup = BBA2E4A31D74A62C00853E63 /* Products */;
			projectDirPath = "";
			projectRoot = "";
			targets = (
				BBA2E4A11D74A62C00853E63 /* RainCat */,
			);
		};
/* End PBXProject section */

/* Begin PBXResourcesBuildPhase section */
		BBA2E4A01D74A62C00853E63 /* Resources */ = {
			isa = PBXResourcesBuildPhase;
			buildActionMask = 2147483647;
			files = (
				BBD0A8E01D78F12C00002F71 /* bensound-clearday.mp3 in Resources */,
				BBD0A8E21D78F12C00002F71 /* bensound-jazzyfrenchy.mp3 in Resources */,
				BB281B821D789A3F00229A97 /* cat_meow_4.mp3 in Resources */,
				BB98D4811DC3A49C00D17C8D /* LCDScene.sks in Resources */,
				BBA2E4B11D74A62C00853E63 /* Main.storyboard in Resources */,
				BBD0A8E11D78F12C00002F71 /* bensound-jazzcomedy.mp3 in Resources */,
				BB281B801D789A3F00229A97 /* cat_meow_2.mp3 in Resources */,
				BB281B811D789A3F00229A97 /* cat_meow_3.mp3 in Resources */,
				BB281B851D789D0600229A97 /* cat_meow_5.wav in Resources */,
				BBA2E4B61D74A62C00853E63 /* LaunchScreen.storyboard in Resources */,
				BBD0A8E61D79D4F500002F71 /* Pixel Digivolve.otf in Resources */,
				BB281B891D78ABAC00229A97 /* cat_meow_7.mp3 in Resources */,
				BB3B1D691D847E4E00B643DD /* ColorPalette.plist in Resources */,
				BBD0A8E31D78F12C00002F71 /* bensound-littleidea.mp3 in Resources */,
				BB281B861D789D0600229A97 /* cat_meow_6.wav in Resources */,
				BBCE0A4A1D8D08EA006C1F44 /* Assets.xcassets in Resources */,
				BB281B7F1D789A3F00229A97 /* cat_meow_1.mp3 in Resources */,
			);
			runOnlyForDeploymentPostprocessing = 0;
		};
/* End PBXResourcesBuildPhase section */

/* Begin PBXSourcesBuildPhase section */
		BBA2E49E1D74A62C00853E63 /* Sources */ = {
			isa = PBXSourcesBuildPhase;
			buildActionMask = 2147483647;
			files = (
				BBB5E64D1D760905005DE3EC /* Constants.swift in Sources */,
				BBD0A8DA1D78D97E00002F71 /* SoundManager.swift in Sources */,
				BB4E53F91D9172520031DAB9 /* CreditsNode.swift in Sources */,
				BB1C70DA1D86EC9F001E540D /* GroundNode.swift in Sources */,
				BBB6AE471E8CB32400C0CDD9 /* LCDCatNode.swift in Sources */,
				BB0CE14D1D9088B200D4E664 /* PingPongBackgroundNode.swift in Sources */,
				BBA2E4AC1D74A62C00853E63 /* GameScene.swift in Sources */,
				BB4E53FB1D91752B0031DAB9 /* MenuNode.swift in Sources */,
				BB1C70D81D84FAEA001E540D /* ColorAction.swift in Sources */,
				BB2422D41DCA33FD0039D692 /* TwoPaneButton.swift in Sources */,
				BBFE08641DC990D900063F83 /* LCDUmbrellaRow.swift in Sources */,
				BB0D073B1DD1800B0025428D /* LCDHudLives.swift in Sources */,
				BBB3F9E01E8C986A00A0F4FB /* LCDProtocols.swift in Sources */,
				BBB8459E1D9DBA3800D269C0 /* AlphaButton.swift in Sources */,
				BB0D073D1DD181540025428D /* LCDFoodRow.swift in Sources */,
				BBA2E4AE1D74A62C00853E63 /* GameViewController.swift in Sources */,
				BB3B1D6B1D84BF2300B643DD /* ColorManager.swift in Sources */,
				BBC9F6E81D8D941A00385223 /* PingPongScene.swift in Sources */,
				BB4E54031D919D110031DAB9 /* PlayerSelectNode.swift in Sources */,
				BBFE08621DC98ED300063F83 /* LCDHudNode.swift in Sources */,
				BB0D073F1DD183430025428D /* LCDCatRow.swift in Sources */,
				BB81CBA61D90F15B009EAA22 /* ShadowLabelNode.swift in Sources */,
				BBD0A8E81D79D6B400002F71 /* HudNode.swift in Sources */,
				BB1C70DC1D870508001E540D /* Paletteable.swift in Sources */,
				BB7AC0761DC97A1200998737 /* LCDRainLane.swift in Sources */,
				BB7AC0741DC979CB00998737 /* LCDScreenNode.swift in Sources */,
				BBE8FF511E8C592000904331 /* LCDNumberNode.swift in Sources */,
				BB0B1C881D8C9BA900C09901 /* LogoScene.swift in Sources */,
				BBB045811D773DE600DF378C /* FoodSprite.swift in Sources */,
				BB4E53FD1D9176B50031DAB9 /* Touchable.swift in Sources */,
				BBB0457F1D77254000DF378C /* CatSprite.swift in Sources */,
				BB4E53FF1D91839F0031DAB9 /* RainDropBanner.swift in Sources */,
				BB6B0C2D1D7F41FF00BBA0BD /* MenuScene.swift in Sources */,
				BBE8FF531E8C60DA00904331 /* LCDTimeNode.swift in Sources */,
				BBE8FF551E8C826600904331 /* LCDScoreNode.swift in Sources */,
				BB1C70D61D84F615001E540D /* BackgroundNode.swift in Sources */,
				BBDB03D41D90602000D3F8D0 /* PingPongHud.swift in Sources */,
				BB36AD291D75D92400FB54D0 /* UmbrellaSprite.swift in Sources */,
				BBB318391DC78F6700644DB6 /* LCDScene.swift in Sources */,
				BBA2E4A61D74A62C00853E63 /* AppDelegate.swift in Sources */,
			);
			runOnlyForDeploymentPostprocessing = 0;
		};
/* End PBXSourcesBuildPhase section */

/* Begin PBXVariantGroup section */
		BBA2E4AF1D74A62C00853E63 /* Main.storyboard */ = {
			isa = PBXVariantGroup;
			children = (
				BBA2E4B01D74A62C00853E63 /* Base */,
			);
			name = Main.storyboard;
			sourceTree = "<group>";
		};
		BBA2E4B41D74A62C00853E63 /* LaunchScreen.storyboard */ = {
			isa = PBXVariantGroup;
			children = (
				BBA2E4B51D74A62C00853E63 /* Base */,
			);
			name = LaunchScreen.storyboard;
			sourceTree = "<group>";
		};
/* End PBXVariantGroup section */

/* Begin XCBuildConfiguration section */
		BBA2E4B81D74A62C00853E63 /* Debug */ = {
			isa = XCBuildConfiguration;
			buildSettings = {
				ALWAYS_SEARCH_USER_PATHS = NO;
				CLANG_ANALYZER_NONNULL = YES;
				CLANG_CXX_LANGUAGE_STANDARD = "gnu++0x";
				CLANG_CXX_LIBRARY = "libc++";
				CLANG_ENABLE_MODULES = YES;
				CLANG_ENABLE_OBJC_ARC = YES;
				CLANG_WARN_BOOL_CONVERSION = YES;
				CLANG_WARN_CONSTANT_CONVERSION = YES;
				CLANG_WARN_DIRECT_OBJC_ISA_USAGE = YES_ERROR;
				CLANG_WARN_DOCUMENTATION_COMMENTS = YES;
				CLANG_WARN_EMPTY_BODY = YES;
				CLANG_WARN_ENUM_CONVERSION = YES;
				CLANG_WARN_INFINITE_RECURSION = YES;
				CLANG_WARN_INT_CONVERSION = YES;
				CLANG_WARN_OBJC_ROOT_CLASS = YES_ERROR;
				CLANG_WARN_SUSPICIOUS_MOVE = YES;
				CLANG_WARN_SUSPICIOUS_MOVES = YES;
				CLANG_WARN_UNREACHABLE_CODE = YES;
				CLANG_WARN__DUPLICATE_METHOD_MATCH = YES;
				"CODE_SIGN_IDENTITY[sdk=iphoneos*]" = "iPhone Developer";
				COPY_PHASE_STRIP = NO;
				DEBUG_INFORMATION_FORMAT = dwarf;
				ENABLE_STRICT_OBJC_MSGSEND = YES;
				ENABLE_TESTABILITY = YES;
				GCC_C_LANGUAGE_STANDARD = gnu99;
				GCC_DYNAMIC_NO_PIC = NO;
				GCC_NO_COMMON_BLOCKS = YES;
				GCC_OPTIMIZATION_LEVEL = 0;
				GCC_PREPROCESSOR_DEFINITIONS = (
					"DEBUG=1",
					"$(inherited)",
				);
				GCC_WARN_64_TO_32_BIT_CONVERSION = YES;
				GCC_WARN_ABOUT_RETURN_TYPE = YES_ERROR;
				GCC_WARN_UNDECLARED_SELECTOR = YES;
				GCC_WARN_UNINITIALIZED_AUTOS = YES_AGGRESSIVE;
				GCC_WARN_UNUSED_FUNCTION = YES;
				GCC_WARN_UNUSED_VARIABLE = YES;
				IPHONEOS_DEPLOYMENT_TARGET = 10.0;
				MTL_ENABLE_DEBUG_INFO = YES;
				ONLY_ACTIVE_ARCH = YES;
				SDKROOT = iphoneos;
				SWIFT_ACTIVE_COMPILATION_CONDITIONS = DEBUG;
				SWIFT_OPTIMIZATION_LEVEL = "-Onone";
				TARGETED_DEVICE_FAMILY = "1,2";
			};
			name = Debug;
		};
		BBA2E4B91D74A62C00853E63 /* Release */ = {
			isa = XCBuildConfiguration;
			buildSettings = {
				ALWAYS_SEARCH_USER_PATHS = NO;
				CLANG_ANALYZER_NONNULL = YES;
				CLANG_CXX_LANGUAGE_STANDARD = "gnu++0x";
				CLANG_CXX_LIBRARY = "libc++";
				CLANG_ENABLE_MODULES = YES;
				CLANG_ENABLE_OBJC_ARC = YES;
				CLANG_WARN_BOOL_CONVERSION = YES;
				CLANG_WARN_CONSTANT_CONVERSION = YES;
				CLANG_WARN_DIRECT_OBJC_ISA_USAGE = YES_ERROR;
				CLANG_WARN_DOCUMENTATION_COMMENTS = YES;
				CLANG_WARN_EMPTY_BODY = YES;
				CLANG_WARN_ENUM_CONVERSION = YES;
				CLANG_WARN_INFINITE_RECURSION = YES;
				CLANG_WARN_INT_CONVERSION = YES;
				CLANG_WARN_OBJC_ROOT_CLASS = YES_ERROR;
				CLANG_WARN_SUSPICIOUS_MOVE = YES;
				CLANG_WARN_SUSPICIOUS_MOVES = YES;
				CLANG_WARN_UNREACHABLE_CODE = YES;
				CLANG_WARN__DUPLICATE_METHOD_MATCH = YES;
				"CODE_SIGN_IDENTITY[sdk=iphoneos*]" = "iPhone Developer";
				COPY_PHASE_STRIP = NO;
				DEBUG_INFORMATION_FORMAT = "dwarf-with-dsym";
				ENABLE_NS_ASSERTIONS = NO;
				ENABLE_STRICT_OBJC_MSGSEND = YES;
				GCC_C_LANGUAGE_STANDARD = gnu99;
				GCC_NO_COMMON_BLOCKS = YES;
				GCC_WARN_64_TO_32_BIT_CONVERSION = YES;
				GCC_WARN_ABOUT_RETURN_TYPE = YES_ERROR;
				GCC_WARN_UNDECLARED_SELECTOR = YES;
				GCC_WARN_UNINITIALIZED_AUTOS = YES_AGGRESSIVE;
				GCC_WARN_UNUSED_FUNCTION = YES;
				GCC_WARN_UNUSED_VARIABLE = YES;
				IPHONEOS_DEPLOYMENT_TARGET = 10.0;
				MTL_ENABLE_DEBUG_INFO = NO;
				SDKROOT = iphoneos;
				SWIFT_OPTIMIZATION_LEVEL = "-Owholemodule";
				TARGETED_DEVICE_FAMILY = "1,2";
				VALIDATE_PRODUCT = YES;
			};
			name = Release;
		};
		BBA2E4BB1D74A62C00853E63 /* Debug */ = {
			isa = XCBuildConfiguration;
			buildSettings = {
				ASSETCATALOG_COMPILER_APPICON_NAME = AppIcon;
				DEVELOPMENT_TEAM = SYZ2B4B9CC;
				INFOPLIST_FILE = RainCat/Info.plist;
				IPHONEOS_DEPLOYMENT_TARGET = 10.0;
				LD_RUNPATH_SEARCH_PATHS = "$(inherited) @executable_path/Frameworks";
				PRODUCT_BUNDLE_IDENTIFIER = "com.thirteen23.rain-cat";
				PRODUCT_NAME = "$(TARGET_NAME)";
				SWIFT_VERSION = 3.0;
				TARGETED_DEVICE_FAMILY = 2;
			};
			name = Debug;
		};
		BBA2E4BC1D74A62C00853E63 /* Release */ = {
			isa = XCBuildConfiguration;
			buildSettings = {
				ASSETCATALOG_COMPILER_APPICON_NAME = AppIcon;
				DEVELOPMENT_TEAM = SYZ2B4B9CC;
				INFOPLIST_FILE = RainCat/Info.plist;
				IPHONEOS_DEPLOYMENT_TARGET = 10.0;
				LD_RUNPATH_SEARCH_PATHS = "$(inherited) @executable_path/Frameworks";
				PRODUCT_BUNDLE_IDENTIFIER = "com.thirteen23.rain-cat";
				PRODUCT_NAME = "$(TARGET_NAME)";
				SWIFT_VERSION = 3.0;
				TARGETED_DEVICE_FAMILY = 2;
			};
			name = Release;
		};
/* End XCBuildConfiguration section */

/* Begin XCConfigurationList section */
		BBA2E49D1D74A62C00853E63 /* Build configuration list for PBXProject "RainCat" */ = {
			isa = XCConfigurationList;
			buildConfigurations = (
				BBA2E4B81D74A62C00853E63 /* Debug */,
				BBA2E4B91D74A62C00853E63 /* Release */,
			);
			defaultConfigurationIsVisible = 0;
			defaultConfigurationName = Release;
		};
		BBA2E4BA1D74A62C00853E63 /* Build configuration list for PBXNativeTarget "RainCat" */ = {
			isa = XCConfigurationList;
			buildConfigurations = (
				BBA2E4BB1D74A62C00853E63 /* Debug */,
				BBA2E4BC1D74A62C00853E63 /* Release */,
			);
			defaultConfigurationIsVisible = 0;
			defaultConfigurationName = Release;
		};
/* End XCConfigurationList section */
	};
	rootObject = BBA2E49A1D74A62C00853E63 /* Project object */;
}
